
Microsoft Visual Studio Solution File, Format Version 12.00
# Visual Studio 14
VisualStudioVersion = 14.0.24720.0
MinimumVisualStudioVersion = 10.0.40219.1
Project("{2150E333-8FDC-42A3-9474-1A3956D46DE8}") = "NetPlannerServer", "NetPlannerServer", "{F1BBD151-DF71-41A4-92B0-E7485F33B8C6}"
EndProject
Project("{2150E333-8FDC-42A3-9474-1A3956D46DE8}") = "NetPlannerClient", "NetPlannerClient", "{D1F12636-79D4-4C7E-BA48-27DDC040D124}"
EndProject
Project("{2150E333-8FDC-42A3-9474-1A3956D46DE8}") = "AirCom", "AirCom", "{9355E9E4-E6CE-48EB-8887-6772DB4B6180}"
EndProject
Project("{FAE04EC0-301F-11D3-BF4B-00C04F79EFBC}") = "NetPlan.IContract", "Server\IContract\NetPlan.IContract.csproj", "{6398A0FF-B465-497B-9058-C0C11C626D14}"
EndProject
Project("{FAE04EC0-301F-11D3-BF4B-00C04F79EFBC}") = "NetPlan.Model", "Server\Model\NetPlan.Model.csproj", "{EEF51BFC-3080-4DFD-95F8-3B975A264518}"
EndProject
Project("{FAE04EC0-301F-11D3-BF4B-00C04F79EFBC}") = "NetPlan.DAL", "Server\DAL\NetPlan.DAL.csproj", "{A83549FF-7683-4168-9301-CDD0B3656ED3}"
EndProject
Project("{FAE04EC0-301F-11D3-BF4B-00C04F79EFBC}") = "NetPlan.BDL", "Server\BDL\NetPlan.BDL.csproj", "{62378C53-2665-4D5A-A5F2-76C1A42B339C}"
EndProject
Project("{FAE04EC0-301F-11D3-BF4B-00C04F79EFBC}") = "NetPlan.BLL", "Server\BLL\NetPlan.BLL.csproj", "{E69DDC43-E16F-4223-8CB2-94FB70EF5EBE}"
EndProject
Project("{FAE04EC0-301F-11D3-BF4B-00C04F79EFBC}") = "EAWSProxy", "Server\EAWSProxy\EAWSProxy.csproj", "{4F2CDDB6-D953-4751-822F-D9DCEEF02540}"
EndProject
Project("{FAE04EC0-301F-11D3-BF4B-00C04F79EFBC}") = "EDS.Model", "Server\EDS.Model\EDS.Model.csproj", "{21AAD636-D16E-4F3F-BE53-1AC2B0F1A60A}"
EndProject
Project("{FAE04EC0-301F-11D3-BF4B-00C04F79EFBC}") = "EDSProxy", "Server\EDSProxy\EDSProxy.csproj", "{065B52D7-7247-458A-A63A-7B31ECFDEBA3}"
EndProject
Project("{FAE04EC0-301F-11D3-BF4B-00C04F79EFBC}") = "NetPlanClient.UC", "Client\UC\NetPlanClient.UC.csproj", "{836FC77A-D9F3-42D5-A2CB-D89F851CAE3C}"
EndProject
Project("{FAE04EC0-301F-11D3-BF4B-00C04F79EFBC}") = "NetPlanClient", "Client\Main\NetPlanClient.csproj", "{E4D527B1-7EAA-43AA-AF66-A5F3A143F3A1}"
EndProject
Project("{2150E333-8FDC-42A3-9474-1A3956D46DE8}") = "JLIB", "JLIB", "{0A84AE50-377C-4608-8392-B8805830D9FE}"
EndProject
Project("{FAE04EC0-301F-11D3-BF4B-00C04F79EFBC}") = "AirCom_Service", "Server\AirCom_Service\AirCom_Service.csproj", "{9BF182BF-4F8C-481E-B29B-82D003082C2D}"
EndProject
Project("{FAE04EC0-301F-11D3-BF4B-00C04F79EFBC}") = "NetPlanClient.Model", "Client\NetPlanClient.Model\NetPlanClient.Model.csproj", "{37F46941-0BED-44CB-AC6B-4329FF69C434}"
EndProject
Project("{FAE04EC0-301F-11D3-BF4B-00C04F79EFBC}") = "NetPlanClient.SvrREF", "Client\NetPlanClient.SvrREF\NetPlanClient.SvrREF.csproj", "{687BDA22-2B75-445A-83A4-4EE95A0F3F4F}"
EndProject
Project("{FAE04EC0-301F-11D3-BF4B-00C04F79EFBC}") = "WinService", "Server\WinService\WinService.csproj", "{C1A65789-F74B-4C69-A8FE-DA1CADC4FD04}"
EndProject
Project("{FAE04EC0-301F-11D3-BF4B-00C04F79EFBC}") = "NetPlan.Servcie", "Server\NetPlan.Servcie\NetPlan.Servcie.csproj", "{B9616A55-C869-4AD4-8355-1DCA51DA71B2}"
EndProject
Project("{FAE04EC0-301F-11D3-BF4B-00C04F79EFBC}") = "Inspur", "Inspur\Inspur.csproj", "{45C52049-3CB7-4A23-8264-936C33D3D41D}"
EndProject
Project("{FAE04EC0-301F-11D3-BF4B-00C04F79EFBC}") = "FromXML", "FromXML\FromXML.csproj", "{DDE6DDD3-90DA-46ED-8EDB-D2B21ED5B5EC}"
EndProject
Global
	GlobalSection(SolutionConfigurationPlatforms) = preSolution
		Debug|Any CPU = Debug|Any CPU
		Debug|x86 = Debug|x86
		Release|Any CPU = Release|Any CPU
		Release|x86 = Release|x86
	EndGlobalSection
	GlobalSection(ProjectConfigurationPlatforms) = postSolution
		{6398A0FF-B465-497B-9058-C0C11C626D14}.Debug|Any CPU.ActiveCfg = Debug|Any CPU
		{6398A0FF-B465-497B-9058-C0C11C626D14}.Debug|Any CPU.Build.0 = Debug|Any CPU
		{6398A0FF-B465-497B-9058-C0C11C626D14}.Debug|x86.ActiveCfg = Debug|Any CPU
		{6398A0FF-B465-497B-9058-C0C11C626D14}.Debug|x86.Build.0 = Debug|Any CPU
		{6398A0FF-B465-497B-9058-C0C11C626D14}.Release|Any CPU.ActiveCfg = Release|Any CPU
		{6398A0FF-B465-497B-9058-C0C11C626D14}.Release|Any CPU.Build.0 = Release|Any CPU
		{6398A0FF-B465-497B-9058-C0C11C626D14}.Release|x86.ActiveCfg = Release|Any CPU
		{6398A0FF-B465-497B-9058-C0C11C626D14}.Release|x86.Build.0 = Release|Any CPU
		{EEF51BFC-3080-4DFD-95F8-3B975A264518}.Debug|Any CPU.ActiveCfg = Debug|Any CPU
		{EEF51BFC-3080-4DFD-95F8-3B975A264518}.Debug|Any CPU.Build.0 = Debug|Any CPU
		{EEF51BFC-3080-4DFD-95F8-3B975A264518}.Debug|x86.ActiveCfg = Debug|Any CPU
		{EEF51BFC-3080-4DFD-95F8-3B975A264518}.Debug|x86.Build.0 = Debug|Any CPU
		{EEF51BFC-3080-4DFD-95F8-3B975A264518}.Release|Any CPU.ActiveCfg = Release|Any CPU
		{EEF51BFC-3080-4DFD-95F8-3B975A264518}.Release|Any CPU.Build.0 = Release|Any CPU
		{EEF51BFC-3080-4DFD-95F8-3B975A264518}.Release|x86.ActiveCfg = Release|Any CPU
		{EEF51BFC-3080-4DFD-95F8-3B975A264518}.Release|x86.Build.0 = Release|Any CPU
		{A83549FF-7683-4168-9301-CDD0B3656ED3}.Debug|Any CPU.ActiveCfg = Debug|Any CPU
		{A83549FF-7683-4168-9301-CDD0B3656ED3}.Debug|Any CPU.Build.0 = Debug|Any CPU
		{A83549FF-7683-4168-9301-CDD0B3656ED3}.Debug|x86.ActiveCfg = Debug|Any CPU
		{A83549FF-7683-4168-9301-CDD0B3656ED3}.Debug|x86.Build.0 = Debug|Any CPU
		{A83549FF-7683-4168-9301-CDD0B3656ED3}.Release|Any CPU.ActiveCfg = Release|Any CPU
		{A83549FF-7683-4168-9301-CDD0B3656ED3}.Release|Any CPU.Build.0 = Release|Any CPU
		{A83549FF-7683-4168-9301-CDD0B3656ED3}.Release|x86.ActiveCfg = Release|Any CPU
		{A83549FF-7683-4168-9301-CDD0B3656ED3}.Release|x86.Build.0 = Release|Any CPU
		{62378C53-2665-4D5A-A5F2-76C1A42B339C}.Debug|Any CPU.ActiveCfg = Debug|Any CPU
		{62378C53-2665-4D5A-A5F2-76C1A42B339C}.Debug|Any CPU.Build.0 = Debug|Any CPU
		{62378C53-2665-4D5A-A5F2-76C1A42B339C}.Debug|x86.ActiveCfg = Debug|Any CPU
		{62378C53-2665-4D5A-A5F2-76C1A42B339C}.Debug|x86.Build.0 = Debug|Any CPU
		{62378C53-2665-4D5A-A5F2-76C1A42B339C}.Release|Any CPU.ActiveCfg = Release|Any CPU
		{62378C53-2665-4D5A-A5F2-76C1A42B339C}.Release|Any CPU.Build.0 = Release|Any CPU
		{62378C53-2665-4D5A-A5F2-76C1A42B339C}.Release|x86.ActiveCfg = Release|Any CPU
		{62378C53-2665-4D5A-A5F2-76C1A42B339C}.Release|x86.Build.0 = Release|Any CPU
		{E69DDC43-E16F-4223-8CB2-94FB70EF5EBE}.Debug|Any CPU.ActiveCfg = Debug|Any CPU
		{E69DDC43-E16F-4223-8CB2-94FB70EF5EBE}.Debug|Any CPU.Build.0 = Debug|Any CPU
		{E69DDC43-E16F-4223-8CB2-94FB70EF5EBE}.Debug|x86.ActiveCfg = Debug|Any CPU
		{E69DDC43-E16F-4223-8CB2-94FB70EF5EBE}.Debug|x86.Build.0 = Debug|Any CPU
		{E69DDC43-E16F-4223-8CB2-94FB70EF5EBE}.Release|Any CPU.ActiveCfg = Release|Any CPU
		{E69DDC43-E16F-4223-8CB2-94FB70EF5EBE}.Release|Any CPU.Build.0 = Release|Any CPU
		{E69DDC43-E16F-4223-8CB2-94FB70EF5EBE}.Release|x86.ActiveCfg = Release|Any CPU
		{E69DDC43-E16F-4223-8CB2-94FB70EF5EBE}.Release|x86.Build.0 = Release|Any CPU
		{4F2CDDB6-D953-4751-822F-D9DCEEF02540}.Debug|Any CPU.ActiveCfg = Debug|Any CPU
		{4F2CDDB6-D953-4751-822F-D9DCEEF02540}.Debug|Any CPU.Build.0 = Debug|Any CPU
		{4F2CDDB6-D953-4751-822F-D9DCEEF02540}.Debug|x86.ActiveCfg = Debug|Any CPU
		{4F2CDDB6-D953-4751-822F-D9DCEEF02540}.Debug|x86.Build.0 = Debug|Any CPU
		{4F2CDDB6-D953-4751-822F-D9DCEEF02540}.Release|Any CPU.ActiveCfg = Release|Any CPU
		{4F2CDDB6-D953-4751-822F-D9DCEEF02540}.Release|Any CPU.Build.0 = Release|Any CPU
		{4F2CDDB6-D953-4751-822F-D9DCEEF02540}.Release|x86.ActiveCfg = Release|Any CPU
		{4F2CDDB6-D953-4751-822F-D9DCEEF02540}.Release|x86.Build.0 = Release|Any CPU
		{21AAD636-D16E-4F3F-BE53-1AC2B0F1A60A}.Debug|Any CPU.ActiveCfg = Debug|Any CPU
		{21AAD636-D16E-4F3F-BE53-1AC2B0F1A60A}.Debug|Any CPU.Build.0 = Debug|Any CPU
		{21AAD636-D16E-4F3F-BE53-1AC2B0F1A60A}.Debug|x86.ActiveCfg = Debug|Any CPU
		{21AAD636-D16E-4F3F-BE53-1AC2B0F1A60A}.Debug|x86.Build.0 = Debug|Any CPU
		{21AAD636-D16E-4F3F-BE53-1AC2B0F1A60A}.Release|Any CPU.ActiveCfg = Release|Any CPU
		{21AAD636-D16E-4F3F-BE53-1AC2B0F1A60A}.Release|Any CPU.Build.0 = Release|Any CPU
		{21AAD636-D16E-4F3F-BE53-1AC2B0F1A60A}.Release|x86.ActiveCfg = Release|Any CPU
		{21AAD636-D16E-4F3F-BE53-1AC2B0F1A60A}.Release|x86.Build.0 = Release|Any CPU
		{065B52D7-7247-458A-A63A-7B31ECFDEBA3}.Debug|Any CPU.ActiveCfg = Debug|Any CPU
		{065B52D7-7247-458A-A63A-7B31ECFDEBA3}.Debug|Any CPU.Build.0 = Debug|Any CPU
		{065B52D7-7247-458A-A63A-7B31ECFDEBA3}.Debug|x86.ActiveCfg = Debug|Any CPU
		{065B52D7-7247-458A-A63A-7B31ECFDEBA3}.Debug|x86.Build.0 = Debug|Any CPU
		{065B52D7-7247-458A-A63A-7B31ECFDEBA3}.Release|Any CPU.ActiveCfg = Release|Any CPU
		{065B52D7-7247-458A-A63A-7B31ECFDEBA3}.Release|Any CPU.Build.0 = Release|Any CPU
		{065B52D7-7247-458A-A63A-7B31ECFDEBA3}.Release|x86.ActiveCfg = Release|Any CPU
		{065B52D7-7247-458A-A63A-7B31ECFDEBA3}.Release|x86.Build.0 = Release|Any CPU
		{836FC77A-D9F3-42D5-A2CB-D89F851CAE3C}.Debug|Any CPU.ActiveCfg = Debug|Any CPU
		{836FC77A-D9F3-42D5-A2CB-D89F851CAE3C}.Debug|Any CPU.Build.0 = Debug|Any CPU
		{836FC77A-D9F3-42D5-A2CB-D89F851CAE3C}.Debug|x86.ActiveCfg = Debug|Any CPU
		{836FC77A-D9F3-42D5-A2CB-D89F851CAE3C}.Debug|x86.Build.0 = Debug|Any CPU
		{836FC77A-D9F3-42D5-A2CB-D89F851CAE3C}.Release|Any CPU.ActiveCfg = Release|Any CPU
		{836FC77A-D9F3-42D5-A2CB-D89F851CAE3C}.Release|Any CPU.Build.0 = Release|Any CPU
		{836FC77A-D9F3-42D5-A2CB-D89F851CAE3C}.Release|x86.ActiveCfg = Release|Any CPU
		{836FC77A-D9F3-42D5-A2CB-D89F851CAE3C}.Release|x86.Build.0 = Release|Any CPU
		{E4D527B1-7EAA-43AA-AF66-A5F3A143F3A1}.Debug|Any CPU.ActiveCfg = Debug|Any CPU
		{E4D527B1-7EAA-43AA-AF66-A5F3A143F3A1}.Debug|Any CPU.Build.0 = Debug|Any CPU
		{E4D527B1-7EAA-43AA-AF66-A5F3A143F3A1}.Debug|x86.ActiveCfg = Debug|Any CPU
		{E4D527B1-7EAA-43AA-AF66-A5F3A143F3A1}.Debug|x86.Build.0 = Debug|Any CPU
		{E4D527B1-7EAA-43AA-AF66-A5F3A143F3A1}.Release|Any CPU.ActiveCfg = Release|Any CPU
		{E4D527B1-7EAA-43AA-AF66-A5F3A143F3A1}.Release|Any CPU.Build.0 = Release|Any CPU
		{E4D527B1-7EAA-43AA-AF66-A5F3A143F3A1}.Release|x86.ActiveCfg = Release|Any CPU
		{E4D527B1-7EAA-43AA-AF66-A5F3A143F3A1}.Release|x86.Build.0 = Release|Any CPU
		{9BF182BF-4F8C-481E-B29B-82D003082C2D}.Debug|Any CPU.ActiveCfg = Debug|Any CPU
		{9BF182BF-4F8C-481E-B29B-82D003082C2D}.Debug|Any CPU.Build.0 = Debug|Any CPU
		{9BF182BF-4F8C-481E-B29B-82D003082C2D}.Debug|x86.ActiveCfg = Debug|Any CPU
		{9BF182BF-4F8C-481E-B29B-82D003082C2D}.Debug|x86.Build.0 = Debug|Any CPU
		{9BF182BF-4F8C-481E-B29B-82D003082C2D}.Release|Any CPU.ActiveCfg = Release|Any CPU
		{9BF182BF-4F8C-481E-B29B-82D003082C2D}.Release|Any CPU.Build.0 = Release|Any CPU
		{9BF182BF-4F8C-481E-B29B-82D003082C2D}.Release|x86.ActiveCfg = Release|Any CPU
		{9BF182BF-4F8C-481E-B29B-82D003082C2D}.Release|x86.Build.0 = Release|Any CPU
		{37F46941-0BED-44CB-AC6B-4329FF69C434}.Debug|Any CPU.ActiveCfg = Debug|Any CPU
		{37F46941-0BED-44CB-AC6B-4329FF69C434}.Debug|Any CPU.Build.0 = Debug|Any CPU
		{37F46941-0BED-44CB-AC6B-4329FF69C434}.Debug|x86.ActiveCfg = Debug|Any CPU
		{37F46941-0BED-44CB-AC6B-4329FF69C434}.Debug|x86.Build.0 = Debug|Any CPU
		{37F46941-0BED-44CB-AC6B-4329FF69C434}.Release|Any CPU.ActiveCfg = Release|Any CPU
		{37F46941-0BED-44CB-AC6B-4329FF69C434}.Release|Any CPU.Build.0 = Release|Any CPU
		{37F46941-0BED-44CB-AC6B-4329FF69C434}.Release|x86.ActiveCfg = Release|Any CPU
		{37F46941-0BED-44CB-AC6B-4329FF69C434}.Release|x86.Build.0 = Release|Any CPU
		{687BDA22-2B75-445A-83A4-4EE95A0F3F4F}.Debug|Any CPU.ActiveCfg = Debug|Any CPU
		{687BDA22-2B75-445A-83A4-4EE95A0F3F4F}.Debug|Any CPU.Build.0 = Debug|Any CPU
		{687BDA22-2B75-445A-83A4-4EE95A0F3F4F}.Debug|x86.ActiveCfg = Debug|Any CPU
		{687BDA22-2B75-445A-83A4-4EE95A0F3F4F}.Debug|x86.Build.0 = Debug|Any CPU
		{687BDA22-2B75-445A-83A4-4EE95A0F3F4F}.Release|Any CPU.ActiveCfg = Release|Any CPU
		{687BDA22-2B75-445A-83A4-4EE95A0F3F4F}.Release|Any CPU.Build.0 = Release|Any CPU
		{687BDA22-2B75-445A-83A4-4EE95A0F3F4F}.Release|x86.ActiveCfg = Release|Any CPU
		{687BDA22-2B75-445A-83A4-4EE95A0F3F4F}.Release|x86.Build.0 = Release|Any CPU
		{C1A65789-F74B-4C69-A8FE-DA1CADC4FD04}.Debug|Any CPU.ActiveCfg = Debug|Any CPU
		{C1A65789-F74B-4C69-A8FE-DA1CADC4FD04}.Debug|Any CPU.Build.0 = Debug|Any CPU
		{C1A65789-F74B-4C69-A8FE-DA1CADC4FD04}.Debug|x86.ActiveCfg = Debug|Any CPU
		{C1A65789-F74B-4C69-A8FE-DA1CADC4FD04}.Debug|x86.Build.0 = Debug|Any CPU
		{C1A65789-F74B-4C69-A8FE-DA1CADC4FD04}.Release|Any CPU.ActiveCfg = Release|Any CPU
		{C1A65789-F74B-4C69-A8FE-DA1CADC4FD04}.Release|Any CPU.Build.0 = Release|Any CPU
		{C1A65789-F74B-4C69-A8FE-DA1CADC4FD04}.Release|x86.ActiveCfg = Release|Any CPU
		{C1A65789-F74B-4C69-A8FE-DA1CADC4FD04}.Release|x86.Build.0 = Release|Any CPU
		{B9616A55-C869-4AD4-8355-1DCA51DA71B2}.Debug|Any CPU.ActiveCfg = Debug|Any CPU
		{B9616A55-C869-4AD4-8355-1DCA51DA71B2}.Debug|Any CPU.Build.0 = Debug|Any CPU
		{B9616A55-C869-4AD4-8355-1DCA51DA71B2}.Debug|x86.ActiveCfg = Debug|Any CPU
		{B9616A55-C869-4AD4-8355-1DCA51DA71B2}.Debug|x86.Build.0 = Debug|Any CPU
		{B9616A55-C869-4AD4-8355-1DCA51DA71B2}.Release|Any CPU.ActiveCfg = Release|Any CPU
		{B9616A55-C869-4AD4-8355-1DCA51DA71B2}.Release|Any CPU.Build.0 = Release|Any CPU
		{B9616A55-C869-4AD4-8355-1DCA51DA71B2}.Release|x86.ActiveCfg = Release|Any CPU
		{B9616A55-C869-4AD4-8355-1DCA51DA71B2}.Release|x86.Build.0 = Release|Any CPU
		{45C52049-3CB7-4A23-8264-936C33D3D41D}.Debug|Any CPU.ActiveCfg = Debug|Any CPU
		{45C52049-3CB7-4A23-8264-936C33D3D41D}.Debug|Any CPU.Build.0 = Debug|Any CPU
		{45C52049-3CB7-4A23-8264-936C33D3D41D}.Debug|x86.ActiveCfg = Debug|Any CPU
		{45C52049-3CB7-4A23-8264-936C33D3D41D}.Debug|x86.Build.0 = Debug|Any CPU
		{45C52049-3CB7-4A23-8264-936C33D3D41D}.Release|Any CPU.ActiveCfg = Release|Any CPU
		{45C52049-3CB7-4A23-8264-936C33D3D41D}.Release|Any CPU.Build.0 = Release|Any CPU
		{45C52049-3CB7-4A23-8264-936C33D3D41D}.Release|x86.ActiveCfg = Release|Any CPU
		{45C52049-3CB7-4A23-8264-936C33D3D41D}.Release|x86.Build.0 = Release|Any CPU
		{DDE6DDD3-90DA-46ED-8EDB-D2B21ED5B5EC}.Debug|Any CPU.ActiveCfg = Debug|Any CPU
		{DDE6DDD3-90DA-46ED-8EDB-D2B21ED5B5EC}.Debug|Any CPU.Build.0 = Debug|Any CPU
		{DDE6DDD3-90DA-46ED-8EDB-D2B21ED5B5EC}.Debug|x86.ActiveCfg = Debug|Any CPU
		{DDE6DDD3-90DA-46ED-8EDB-D2B21ED5B5EC}.Debug|x86.Build.0 = Debug|Any CPU
		{DDE6DDD3-90DA-46ED-8EDB-D2B21ED5B5EC}.Release|Any CPU.ActiveCfg = Release|Any CPU
		{DDE6DDD3-90DA-46ED-8EDB-D2B21ED5B5EC}.Release|Any CPU.Build.0 = Release|Any CPU
		{DDE6DDD3-90DA-46ED-8EDB-D2B21ED5B5EC}.Release|x86.ActiveCfg = Release|Any CPU
		{DDE6DDD3-90DA-46ED-8EDB-D2B21ED5B5EC}.Release|x86.Build.0 = Release|Any CPU
	EndGlobalSection
	GlobalSection(SolutionProperties) = preSolution
		HideSolutionNode = FALSE
	EndGlobalSection
	GlobalSection(NestedProjects) = preSolution
		{9355E9E4-E6CE-48EB-8887-6772DB4B6180} = {F1BBD151-DF71-41A4-92B0-E7485F33B8C6}
		{6398A0FF-B465-497B-9058-C0C11C626D14} = {F1BBD151-DF71-41A4-92B0-E7485F33B8C6}
		{EEF51BFC-3080-4DFD-95F8-3B975A264518} = {F1BBD151-DF71-41A4-92B0-E7485F33B8C6}
		{A83549FF-7683-4168-9301-CDD0B3656ED3} = {F1BBD151-DF71-41A4-92B0-E7485F33B8C6}
		{62378C53-2665-4D5A-A5F2-76C1A42B339C} = {F1BBD151-DF71-41A4-92B0-E7485F33B8C6}
		{E69DDC43-E16F-4223-8CB2-94FB70EF5EBE} = {F1BBD151-DF71-41A4-92B0-E7485F33B8C6}
		{4F2CDDB6-D953-4751-822F-D9DCEEF02540} = {9355E9E4-E6CE-48EB-8887-6772DB4B6180}
		{21AAD636-D16E-4F3F-BE53-1AC2B0F1A60A} = {9355E9E4-E6CE-48EB-8887-6772DB4B6180}
		{065B52D7-7247-458A-A63A-7B31ECFDEBA3} = {9355E9E4-E6CE-48EB-8887-6772DB4B6180}
		{836FC77A-D9F3-42D5-A2CB-D89F851CAE3C} = {D1F12636-79D4-4C7E-BA48-27DDC040D124}
		{E4D527B1-7EAA-43AA-AF66-A5F3A143F3A1} = {D1F12636-79D4-4C7E-BA48-27DDC040D124}
		{9BF182BF-4F8C-481E-B29B-82D003082C2D} = {F1BBD151-DF71-41A4-92B0-E7485F33B8C6}
		{37F46941-0BED-44CB-AC6B-4329FF69C434} = {D1F12636-79D4-4C7E-BA48-27DDC040D124}
		{687BDA22-2B75-445A-83A4-4EE95A0F3F4F} = {D1F12636-79D4-4C7E-BA48-27DDC040D124}
		{C1A65789-F74B-4C69-A8FE-DA1CADC4FD04} = {F1BBD151-DF71-41A4-92B0-E7485F33B8C6}
		{B9616A55-C869-4AD4-8355-1DCA51DA71B2} = {F1BBD151-DF71-41A4-92B0-E7485F33B8C6}
		{45C52049-3CB7-4A23-8264-936C33D3D41D} = {F1BBD151-DF71-41A4-92B0-E7485F33B8C6}
		{DDE6DDD3-90DA-46ED-8EDB-D2B21ED5B5EC} = {D1F12636-79D4-4C7E-BA48-27DDC040D124}
	EndGlobalSection
EndGlobal
